# THIS IS AN AUTOGENERATED FILE. DO NOT EDIT THIS FILE DIRECTLY.
# yarn lockfile v1


almond@~0.3.1:
  version "0.3.3"
  resolved "https://registry.yarnpkg.com/almond/-/almond-0.3.3.tgz#a0e7c95ac7624d6417b4494b1e68bff693168a20"

jquery-mousewheel@~3.1.13:
  version "3.1.13"
  resolved "https://registry.yarnpkg.com/jquery-mousewheel/-/jquery-mousewheel-3.1.13.tgz#06f0335f16e353a695e7206bf50503cb523a6ee5"

select2@select2/select2:
  version "4.0.6-rc.1"
  resolved "https://codeload.github.com/select2/select2/tar.gz/3fb9e4fceb43d4520f7a6fc7d842abeceb8ddf50"
  dependencies:
    almond "~0.3.1"
    jquery-mousewheel "~3.1.13"
